
Microsoft Visual Studio Solution File, Format Version 12.00
# Visual Studio 15
VisualStudioVersion = 15.0.28307.421
MinimumVisualStudioVersion = 10.0.40219.1
Project("{FAE04EC0-301F-11D3-BF4B-00C04F79EFBC}") = "HelloWorld.Android", "HelloWorld\HelloWorld.Android\HelloWorld.Android.csproj", "{F846A5F3-2F7A-4DBD-BE94-FA5DC0EBD86A}"
EndProject
Project("{FAE04EC0-301F-11D3-BF4B-00C04F79EFBC}") = "HelloWorld.iOS", "HelloWorld\HelloWorld.iOS\HelloWorld.iOS.csproj", "{12C72ACC-DDAC-4709-BB20-8946464C3D68}"
EndProject
Project("{FAE04EC0-301F-11D3-BF4B-00C04F79EFBC}") = "HelloWorld.UWP", "HelloWorld\HelloWorld.UWP\HelloWorld.UWP.csproj", "{4D6CCD6E-8125-4A89-88FA-361CEF039CDC}"
EndProject
Project("{FAE04EC0-301F-11D3-BF4B-00C04F79EFBC}") = "HelloWorld", "HelloWorld\HelloWorld\HelloWorld.csproj", "{68E68F81-A764-46BA-930C-1A79E593E7A5}"
EndProject
Global
	GlobalSection(SolutionConfigurationPlatforms) = preSolution
		Ad-Hoc|Any CPU = Ad-Hoc|Any CPU
		Ad-Hoc|ARM = Ad-Hoc|ARM
		Ad-Hoc|iPhone = Ad-Hoc|iPhone
		Ad-Hoc|iPhoneSimulator = Ad-Hoc|iPhoneSimulator
		Ad-Hoc|x64 = Ad-Hoc|x64
		Ad-Hoc|x86 = Ad-Hoc|x86
		AppStore|Any CPU = AppStore|Any CPU
		AppStore|ARM = AppStore|ARM
		AppStore|iPhone = AppStore|iPhone
		AppStore|iPhoneSimulator = AppStore|iPhoneSimulator
		AppStore|x64 = AppStore|x64
		AppStore|x86 = AppStore|x86
		Debug|Any CPU = Debug|Any CPU
		Debug|ARM = Debug|ARM
		Debug|iPhone = Debug|iPhone
		Debug|iPhoneSimulator = Debug|iPhoneSimulator
		Debug|x64 = Debug|x64
		Debug|x86 = Debug|x86
		Release|Any CPU = Release|Any CPU
		Release|ARM = Release|ARM
		Release|iPhone = Release|iPhone
		Release|iPhoneSimulator = Release|iPhoneSimulator
		Release|x64 = Release|x64
		Release|x86 = Release|x86
	EndGlobalSection
	GlobalSection(ProjectConfigurationPlatforms) = postSolution
		{F846A5F3-2F7A-4DBD-BE94-FA5DC0EBD86A}.Ad-Hoc|Any CPU.ActiveCfg = Release|Any CPU
		{F846A5F3-2F7A-4DBD-BE94-FA5DC0EBD86A}.Ad-Hoc|Any CPU.Build.0 = Release|Any CPU
		{F846A5F3-2F7A-4DBD-BE94-FA5DC0EBD86A}.Ad-Hoc|Any CPU.Deploy.0 = Release|Any CPU
		{F846A5F3-2F7A-4DBD-BE94-FA5DC0EBD86A}.Ad-Hoc|ARM.ActiveCfg = Release|Any CPU
		{F846A5F3-2F7A-4DBD-BE94-FA5DC0EBD86A}.Ad-Hoc|ARM.Build.0 = Release|Any CPU
		{F846A5F3-2F7A-4DBD-BE94-FA5DC0EBD86A}.Ad-Hoc|ARM.Deploy.0 = Release|Any CPU
		{F846A5F3-2F7A-4DBD-BE94-FA5DC0EBD86A}.Ad-Hoc|iPhone.ActiveCfg = Release|Any CPU
		{F846A5F3-2F7A-4DBD-BE94-FA5DC0EBD86A}.Ad-Hoc|iPhone.Build.0 = Release|Any CPU
		{F846A5F3-2F7A-4DBD-BE94-FA5DC0EBD86A}.Ad-Hoc|iPhone.Deploy.0 = Release|Any CPU
		{F846A5F3-2F7A-4DBD-BE94-FA5DC0EBD86A}.Ad-Hoc|iPhoneSimulator.ActiveCfg = Release|Any CPU
		{F846A5F3-2F7A-4DBD-BE94-FA5DC0EBD86A}.Ad-Hoc|iPhoneSimulator.Build.0 = Release|Any CPU
		{F846A5F3-2F7A-4DBD-BE94-FA5DC0EBD86A}.Ad-Hoc|iPhoneSimulator.Deploy.0 = Release|Any CPU
		{F846A5F3-2F7A-4DBD-BE94-FA5DC0EBD86A}.Ad-Hoc|x64.ActiveCfg = Release|Any CPU
		{F846A5F3-2F7A-4DBD-BE94-FA5DC0EBD86A}.Ad-Hoc|x64.Build.0 = Release|Any CPU
		{F846A5F3-2F7A-4DBD-BE94-FA5DC0EBD86A}.Ad-Hoc|x64.Deploy.0 = Release|Any CPU
		{F846A5F3-2F7A-4DBD-BE94-FA5DC0EBD86A}.Ad-Hoc|x86.ActiveCfg = Release|Any CPU
		{F846A5F3-2F7A-4DBD-BE94-FA5DC0EBD86A}.Ad-Hoc|x86.Build.0 = Release|Any CPU
		{F846A5F3-2F7A-4DBD-BE94-FA5DC0EBD86A}.Ad-Hoc|x86.Deploy.0 = Release|Any CPU
		{F846A5F3-2F7A-4DBD-BE94-FA5DC0EBD86A}.AppStore|Any CPU.ActiveCfg = Release|Any CPU
		{F846A5F3-2F7A-4DBD-BE94-FA5DC0EBD86A}.AppStore|Any CPU.Build.0 = Release|Any CPU
		{F846A5F3-2F7A-4DBD-BE94-FA5DC0EBD86A}.AppStore|Any CPU.Deploy.0 = Release|Any CPU
		{F846A5F3-2F7A-4DBD-BE94-FA5DC0EBD86A}.AppStore|ARM.ActiveCfg = Release|Any CPU
		{F846A5F3-2F7A-4DBD-BE94-FA5DC0EBD86A}.AppStore|ARM.Build.0 = Release|Any CPU
		{F846A5F3-2F7A-4DBD-BE94-FA5DC0EBD86A}.AppStore|ARM.Deploy.0 = Release|Any CPU
		{F846A5F3-2F7A-4DBD-BE94-FA5DC0EBD86A}.AppStore|iPhone.ActiveCfg = Release|Any CPU
		{F846A5F3-2F7A-4DBD-BE94-FA5DC0EBD86A}.AppStore|iPhone.Build.0 = Release|Any CPU
		{F846A5F3-2F7A-4DBD-BE94-FA5DC0EBD86A}.AppStore|iPhone.Deploy.0 = Release|Any CPU
		{F846A5F3-2F7A-4DBD-BE94-FA5DC0EBD86A}.AppStore|iPhoneSimulator.ActiveCfg = Release|Any CPU
		{F846A5F3-2F7A-4DBD-BE94-FA5DC0EBD86A}.AppStore|iPhoneSimulator.Build.0 = Release|Any CPU
		{F846A5F3-2F7A-4DBD-BE94-FA5DC0EBD86A}.AppStore|iPhoneSimulator.Deploy.0 = Release|Any CPU
		{F846A5F3-2F7A-4DBD-BE94-FA5DC0EBD86A}.AppStore|x64.ActiveCfg = Release|Any CPU
		{F846A5F3-2F7A-4DBD-BE94-FA5DC0EBD86A}.AppStore|x64.Build.0 = Release|Any CPU
		{F846A5F3-2F7A-4DBD-BE94-FA5DC0EBD86A}.AppStore|x64.Deploy.0 = Release|Any CPU
		{F846A5F3-2F7A-4DBD-BE94-FA5DC0EBD86A}.AppStore|x86.ActiveCfg = Release|Any CPU
		{F846A5F3-2F7A-4DBD-BE94-FA5DC0EBD86A}.AppStore|x86.Build.0 = Release|Any CPU
		{F846A5F3-2F7A-4DBD-BE94-FA5DC0EBD86A}.AppStore|x86.Deploy.0 = Release|Any CPU
		{F846A5F3-2F7A-4DBD-BE94-FA5DC0EBD86A}.Debug|Any CPU.ActiveCfg = Debug|Any CPU
		{F846A5F3-2F7A-4DBD-BE94-FA5DC0EBD86A}.Debug|Any CPU.Build.0 = Debug|Any CPU
		{F846A5F3-2F7A-4DBD-BE94-FA5DC0EBD86A}.Debug|Any CPU.Deploy.0 = Debug|Any CPU
		{F846A5F3-2F7A-4DBD-BE94-FA5DC0EBD86A}.Debug|ARM.ActiveCfg = Debug|Any CPU
		{F846A5F3-2F7A-4DBD-BE94-FA5DC0EBD86A}.Debug|ARM.Build.0 = Debug|Any CPU
		{F846A5F3-2F7A-4DBD-BE94-FA5DC0EBD86A}.Debug|ARM.Deploy.0 = Debug|Any CPU
		{F846A5F3-2F7A-4DBD-BE94-FA5DC0EBD86A}.Debug|iPhone.ActiveCfg = Debug|Any CPU
		{F846A5F3-2F7A-4DBD-BE94-FA5DC0EBD86A}.Debug|iPhone.Build.0 = Debug|Any CPU
		{F846A5F3-2F7A-4DBD-BE94-FA5DC0EBD86A}.Debug|iPhone.Deploy.0 = Debug|Any CPU
		{F846A5F3-2F7A-4DBD-BE94-FA5DC0EBD86A}.Debug|iPhoneSimulator.ActiveCfg = Debug|Any CPU
		{F846A5F3-2F7A-4DBD-BE94-FA5DC0EBD86A}.Debug|iPhoneSimulator.Build.0 = Debug|Any CPU
		{F846A5F3-2F7A-4DBD-BE94-FA5DC0EBD86A}.Debug|iPhoneSimulator.Deploy.0 = Debug|Any CPU
		{F846A5F3-2F7A-4DBD-BE94-FA5DC0EBD86A}.Debug|x64.ActiveCfg = Debug|Any CPU
		{F846A5F3-2F7A-4DBD-BE94-FA5DC0EBD86A}.Debug|x64.Build.0 = Debug|Any CPU
		{F846A5F3-2F7A-4DBD-BE94-FA5DC0EBD86A}.Debug|x64.Deploy.0 = Debug|Any CPU
		{F846A5F3-2F7A-4DBD-BE94-FA5DC0EBD86A}.Debug|x86.ActiveCfg = Debug|Any CPU
		{F846A5F3-2F7A-4DBD-BE94-FA5DC0EBD86A}.Debug|x86.Build.0 = Debug|Any CPU
		{F846A5F3-2F7A-4DBD-BE94-FA5DC0EBD86A}.Debug|x86.Deploy.0 = Debug|Any CPU
		{F846A5F3-2F7A-4DBD-BE94-FA5DC0EBD86A}.Release|Any CPU.ActiveCfg = Release|Any CPU
		{F846A5F3-2F7A-4DBD-BE94-FA5DC0EBD86A}.Release|Any CPU.Build.0 = Release|Any CPU
		{F846A5F3-2F7A-4DBD-BE94-FA5DC0EBD86A}.Release|Any CPU.Deploy.0 = Release|Any CPU
		{F846A5F3-2F7A-4DBD-BE94-FA5DC0EBD86A}.Release|ARM.ActiveCfg = Release|Any CPU
		{F846A5F3-2F7A-4DBD-BE94-FA5DC0EBD86A}.Release|ARM.Build.0 = Release|Any CPU
		{F846A5F3-2F7A-4DBD-BE94-FA5DC0EBD86A}.Release|ARM.Deploy.0 = Release|Any CPU
		{F846A5F3-2F7A-4DBD-BE94-FA5DC0EBD86A}.Release|iPhone.ActiveCfg = Release|Any CPU
		{F846A5F3-2F7A-4DBD-BE94-FA5DC0EBD86A}.Release|iPhone.Build.0 = Release|Any CPU
		{F846A5F3-2F7A-4DBD-BE94-FA5DC0EBD86A}.Release|iPhone.Deploy.0 = Release|Any CPU
		{F846A5F3-2F7A-4DBD-BE94-FA5DC0EBD86A}.Release|iPhoneSimulator.ActiveCfg = Release|Any CPU
		{F846A5F3-2F7A-4DBD-BE94-FA5DC0EBD86A}.Release|iPhoneSimulator.Build.0 = Release|Any CPU
		{F846A5F3-2F7A-4DBD-BE94-FA5DC0EBD86A}.Release|iPhoneSimulator.Deploy.0 = Release|Any CPU
		{F846A5F3-2F7A-4DBD-BE94-FA5DC0EBD86A}.Release|x64.ActiveCfg = Release|Any CPU
		{F846A5F3-2F7A-4DBD-BE94-FA5DC0EBD86A}.Release|x64.Build.0 = Release|Any CPU
		{F846A5F3-2F7A-4DBD-BE94-FA5DC0EBD86A}.Release|x64.Deploy.0 = Release|Any CPU
		{F846A5F3-2F7A-4DBD-BE94-FA5DC0EBD86A}.Release|x86.ActiveCfg = Release|Any CPU
		{F846A5F3-2F7A-4DBD-BE94-FA5DC0EBD86A}.Release|x86.Build.0 = Release|Any CPU
		{F846A5F3-2F7A-4DBD-BE94-FA5DC0EBD86A}.Release|x86.Deploy.0 = Release|Any CPU
		{12C72ACC-DDAC-4709-BB20-8946464C3D68}.Ad-Hoc|Any CPU.ActiveCfg = Ad-Hoc|iPhone
		{12C72ACC-DDAC-4709-BB20-8946464C3D68}.Ad-Hoc|Any CPU.Build.0 = Ad-Hoc|iPhone
		{12C72ACC-DDAC-4709-BB20-8946464C3D68}.Ad-Hoc|Any CPU.Deploy.0 = Ad-Hoc|iPhone
		{12C72ACC-DDAC-4709-BB20-8946464C3D68}.Ad-Hoc|ARM.ActiveCfg = Ad-Hoc|iPhone
		{12C72ACC-DDAC-4709-BB20-8946464C3D68}.Ad-Hoc|ARM.Build.0 = Ad-Hoc|iPhone
		{12C72ACC-DDAC-4709-BB20-8946464C3D68}.Ad-Hoc|ARM.Deploy.0 = Ad-Hoc|iPhone
		{12C72ACC-DDAC-4709-BB20-8946464C3D68}.Ad-Hoc|iPhone.ActiveCfg = Ad-Hoc|iPhone
		{12C72ACC-DDAC-4709-BB20-8946464C3D68}.Ad-Hoc|iPhone.Build.0 = Ad-Hoc|iPhone
		{12C72ACC-DDAC-4709-BB20-8946464C3D68}.Ad-Hoc|iPhone.Deploy.0 = Ad-Hoc|iPhone
		{12C72ACC-DDAC-4709-BB20-8946464C3D68}.Ad-Hoc|iPhoneSimulator.ActiveCfg = Ad-Hoc|iPhoneSimulator
		{12C72ACC-DDAC-4709-BB20-8946464C3D68}.Ad-Hoc|iPhoneSimulator.Build.0 = Ad-Hoc|iPhoneSimulator
		{12C72ACC-DDAC-4709-BB20-8946464C3D68}.Ad-Hoc|iPhoneSimulator.Deploy.0 = Ad-Hoc|iPhoneSimulator
		{12C72ACC-DDAC-4709-BB20-8946464C3D68}.Ad-Hoc|x64.ActiveCfg = Ad-Hoc|iPhone
		{12C72ACC-DDAC-4709-BB20-8946464C3D68}.Ad-Hoc|x64.Build.0 = Ad-Hoc|iPhone
		{12C72ACC-DDAC-4709-BB20-8946464C3D68}.Ad-Hoc|x64.Deploy.0 = Ad-Hoc|iPhone
		{12C72ACC-DDAC-4709-BB20-8946464C3D68}.Ad-Hoc|x86.ActiveCfg = Ad-Hoc|iPhone
		{12C72ACC-DDAC-4709-BB20-8946464C3D68}.Ad-Hoc|x86.Build.0 = Ad-Hoc|iPhone
		{12C72ACC-DDAC-4709-BB20-8946464C3D68}.Ad-Hoc|x86.Deploy.0 = Ad-Hoc|iPhone
		{12C72ACC-DDAC-4709-BB20-8946464C3D68}.AppStore|Any CPU.ActiveCfg = AppStore|iPhone
		{12C72ACC-DDAC-4709-BB20-8946464C3D68}.AppStore|Any CPU.Build.0 = AppStore|iPhone
		{12C72ACC-DDAC-4709-BB20-8946464C3D68}.AppStore|Any CPU.Deploy.0 = AppStore|iPhone
		{12C72ACC-DDAC-4709-BB20-8946464C3D68}.AppStore|ARM.ActiveCfg = AppStore|iPhone
		{12C72ACC-DDAC-4709-BB20-8946464C3D68}.AppStore|ARM.Build.0 = AppStore|iPhone
		{12C72ACC-DDAC-4709-BB20-8946464C3D68}.AppStore|ARM.Deploy.0 = AppStore|iPhone
		{12C72ACC-DDAC-4709-BB20-8946464C3D68}.AppStore|iPhone.ActiveCfg = AppStore|iPhone
		{12C72ACC-DDAC-4709-BB20-8946464C3D68}.AppStore|iPhone.Build.0 = AppStore|iPhone
		{12C72ACC-DDAC-4709-BB20-8946464C3D68}.AppStore|iPhone.Deploy.0 = AppStore|iPhone
		{12C72ACC-DDAC-4709-BB20-8946464C3D68}.AppStore|iPhoneSimulator.ActiveCfg = AppStore|iPhoneSimulator
		{12C72ACC-DDAC-4709-BB20-8946464C3D68}.AppStore|iPhoneSimulator.Build.0 = AppStore|iPhoneSimulator
		{12C72ACC-DDAC-4709-BB20-8946464C3D68}.AppStore|iPhoneSimulator.Deploy.0 = AppStore|iPhoneSimulator
		{12C72ACC-DDAC-4709-BB20-8946464C3D68}.AppStore|x64.ActiveCfg = AppStore|iPhone
		{12C72ACC-DDAC-4709-BB20-8946464C3D68}.AppStore|x64.Build.0 = AppStore|iPhone
		{12C72ACC-DDAC-4709-BB20-8946464C3D68}.AppStore|x64.Deploy.0 = AppStore|iPhone
		{12C72ACC-DDAC-4709-BB20-8946464C3D68}.AppStore|x86.ActiveCfg = AppStore|iPhone
		{12C72ACC-DDAC-4709-BB20-8946464C3D68}.AppStore|x86.Build.0 = AppStore|iPhone
		{12C72ACC-DDAC-4709-BB20-8946464C3D68}.AppStore|x86.Deploy.0 = AppStore|iPhone
		{12C72ACC-DDAC-4709-BB20-8946464C3D68}.Debug|Any CPU.ActiveCfg = Debug|iPhoneSimulator
		{12C72ACC-DDAC-4709-BB20-8946464C3D68}.Debug|Any CPU.Build.0 = Debug|iPhoneSimulator
		{12C72ACC-DDAC-4709-BB20-8946464C3D68}.Debug|Any CPU.Deploy.0 = Debug|iPhoneSimulator
		{12C72ACC-DDAC-4709-BB20-8946464C3D68}.Debug|ARM.ActiveCfg = Debug|iPhone
		{12C72ACC-DDAC-4709-BB20-8946464C3D68}.Debug|ARM.Build.0 = Debug|iPhone
		{12C72ACC-DDAC-4709-BB20-8946464C3D68}.Debug|ARM.Deploy.0 = Debug|iPhone
		{12C72ACC-DDAC-4709-BB20-8946464C3D68}.Debug|iPhone.ActiveCfg = Debug|iPhone
		{12C72ACC-DDAC-4709-BB20-8946464C3D68}.Debug|iPhone.Build.0 = Debug|iPhone
		{12C72ACC-DDAC-4709-BB20-8946464C3D68}.Debug|iPhone.Deploy.0 = Debug|iPhone
		{12C72ACC-DDAC-4709-BB20-8946464C3D68}.Debug|iPhoneSimulator.ActiveCfg = Debug|iPhoneSimulator
		{12C72ACC-DDAC-4709-BB20-8946464C3D68}.Debug|iPhoneSimulator.Build.0 = Debug|iPhoneSimulator
		{12C72ACC-DDAC-4709-BB20-8946464C3D68}.Debug|iPhoneSimulator.Deploy.0 = Debug|iPhoneSimulator
		{12C72ACC-DDAC-4709-BB20-8946464C3D68}.Debug|x64.ActiveCfg = Debug|iPhone
		{12C72ACC-DDAC-4709-BB20-8946464C3D68}.Debug|x64.Build.0 = Debug|iPhone
		{12C72ACC-DDAC-4709-BB20-8946464C3D68}.Debug|x64.Deploy.0 = Debug|iPhone
		{12C72ACC-DDAC-4709-BB20-8946464C3D68}.Debug|x86.ActiveCfg = Debug|iPhone
		{12C72ACC-DDAC-4709-BB20-8946464C3D68}.Debug|x86.Build.0 = Debug|iPhone
		{12C72ACC-DDAC-4709-BB20-8946464C3D68}.Debug|x86.Deploy.0 = Debug|iPhone
		{12C72ACC-DDAC-4709-BB20-8946464C3D68}.Release|Any CPU.ActiveCfg = Release|iPhone
		{12C72ACC-DDAC-4709-BB20-8946464C3D68}.Release|Any CPU.Build.0 = Release|iPhone
		{12C72ACC-DDAC-4709-BB20-8946464C3D68}.Release|Any CPU.Deploy.0 = Release|iPhone
		{12C72ACC-DDAC-4709-BB20-8946464C3D68}.Release|ARM.ActiveCfg = Release|iPhone
		{12C72ACC-DDAC-4709-BB20-8946464C3D68}.Release|ARM.Build.0 = Release|iPhone
		{12C72ACC-DDAC-4709-BB20-8946464C3D68}.Release|ARM.Deploy.0 = Release|iPhone
		{12C72ACC-DDAC-4709-BB20-8946464C3D68}.Release|iPhone.ActiveCfg = Release|iPhone
		{12C72ACC-DDAC-4709-BB20-8946464C3D68}.Release|iPhone.Build.0 = Release|iPhone
		{12C72ACC-DDAC-4709-BB20-8946464C3D68}.Release|iPhone.Deploy.0 = Release|iPhone
		{12C72ACC-DDAC-4709-BB20-8946464C3D68}.Release|iPhoneSimulator.ActiveCfg = Release|iPhoneSimulator
		{12C72ACC-DDAC-4709-BB20-8946464C3D68}.Release|iPhoneSimulator.Build.0 = Release|iPhoneSimulator
		{12C72ACC-DDAC-4709-BB20-8946464C3D68}.Release|iPhoneSimulator.Deploy.0 = Release|iPhoneSimulator
		{12C72ACC-DDAC-4709-BB20-8946464C3D68}.Release|x64.ActiveCfg = Release|iPhone
		{12C72ACC-DDAC-4709-BB20-8946464C3D68}.Release|x64.Build.0 = Release|iPhone
		{12C72ACC-DDAC-4709-BB20-8946464C3D68}.Release|x64.Deploy.0 = Release|iPhone
		{12C72ACC-DDAC-4709-BB20-8946464C3D68}.Release|x86.ActiveCfg = Release|iPhone
		{12C72ACC-DDAC-4709-BB20-8946464C3D68}.Release|x86.Build.0 = Release|iPhone
		{12C72ACC-DDAC-4709-BB20-8946464C3D68}.Release|x86.Deploy.0 = Release|iPhone
		{4D6CCD6E-8125-4A89-88FA-361CEF039CDC}.Ad-Hoc|Any CPU.ActiveCfg = Release|x86
		{4D6CCD6E-8125-4A89-88FA-361CEF039CDC}.Ad-Hoc|Any CPU.Build.0 = Release|x86
		{4D6CCD6E-8125-4A89-88FA-361CEF039CDC}.Ad-Hoc|Any CPU.Deploy.0 = Release|x86
		{4D6CCD6E-8125-4A89-88FA-361CEF039CDC}.Ad-Hoc|ARM.ActiveCfg = Release|ARM
		{4D6CCD6E-8125-4A89-88FA-361CEF039CDC}.Ad-Hoc|ARM.Build.0 = Release|ARM
		{4D6CCD6E-8125-4A89-88FA-361CEF039CDC}.Ad-Hoc|ARM.Deploy.0 = Release|ARM
		{4D6CCD6E-8125-4A89-88FA-361CEF039CDC}.Ad-Hoc|iPhone.ActiveCfg = Release|x86
		{4D6CCD6E-8125-4A89-88FA-361CEF039CDC}.Ad-Hoc|iPhone.Build.0 = Release|x86
		{4D6CCD6E-8125-4A89-88FA-361CEF039CDC}.Ad-Hoc|iPhone.Deploy.0 = Release|x86
		{4D6CCD6E-8125-4A89-88FA-361CEF039CDC}.Ad-Hoc|iPhoneSimulator.ActiveCfg = Release|x86
		{4D6CCD6E-8125-4A89-88FA-361CEF039CDC}.Ad-Hoc|iPhoneSimulator.Build.0 = Release|x86
		{4D6CCD6E-8125-4A89-88FA-361CEF039CDC}.Ad-Hoc|iPhoneSimulator.Deploy.0 = Release|x86
		{4D6CCD6E-8125-4A89-88FA-361CEF039CDC}.Ad-Hoc|x64.ActiveCfg = Release|x64
		{4D6CCD6E-8125-4A89-88FA-361CEF039CDC}.Ad-Hoc|x64.Build.0 = Release|x64
		{4D6CCD6E-8125-4A89-88FA-361CEF039CDC}.Ad-Hoc|x64.Deploy.0 = Release|x64
		{4D6CCD6E-8125-4A89-88FA-361CEF039CDC}.Ad-Hoc|x86.ActiveCfg = Release|x86
		{4D6CCD6E-8125-4A89-88FA-361CEF039CDC}.Ad-Hoc|x86.Build.0 = Release|x86
		{4D6CCD6E-8125-4A89-88FA-361CEF039CDC}.Ad-Hoc|x86.Deploy.0 = Release|x86
		{4D6CCD6E-8125-4A89-88FA-361CEF039CDC}.AppStore|Any CPU.ActiveCfg = Release|x86
		{4D6CCD6E-8125-4A89-88FA-361CEF039CDC}.AppStore|Any CPU.Build.0 = Release|x86
		{4D6CCD6E-8125-4A89-88FA-361CEF039CDC}.AppStore|Any CPU.Deploy.0 = Release|x86
		{4D6CCD6E-8125-4A89-88FA-361CEF039CDC}.AppStore|ARM.ActiveCfg = Release|ARM
		{4D6CCD6E-8125-4A89-88FA-361CEF039CDC}.AppStore|ARM.Build.0 = Release|ARM
		{4D6CCD6E-8125-4A89-88FA-361CEF039CDC}.AppStore|ARM.Deploy.0 = Release|ARM
		{4D6CCD6E-8125-4A89-88FA-361CEF039CDC}.AppStore|iPhone.ActiveCfg = Release|x86
		{4D6CCD6E-8125-4A89-88FA-361CEF039CDC}.AppStore|iPhone.Build.0 = Release|x86
		{4D6CCD6E-8125-4A89-88FA-361CEF039CDC}.AppStore|iPhone.Deploy.0 = Release|x86
		{4D6CCD6E-8125-4A89-88FA-361CEF039CDC}.AppStore|iPhoneSimulator.ActiveCfg = Release|x86
		{4D6CCD6E-8125-4A89-88FA-361CEF039CDC}.AppStore|iPhoneSimulator.Build.0 = Release|x86
		{4D6CCD6E-8125-4A89-88FA-361CEF039CDC}.AppStore|iPhoneSimulator.Deploy.0 = Release|x86
		{4D6CCD6E-8125-4A89-88FA-361CEF039CDC}.AppStore|x64.ActiveCfg = Release|x64
		{4D6CCD6E-8125-4A89-88FA-361CEF039CDC}.AppStore|x64.Build.0 = Release|x64
		{4D6CCD6E-8125-4A89-88FA-361CEF039CDC}.AppStore|x64.Deploy.0 = Release|x64
		{4D6CCD6E-8125-4A89-88FA-361CEF039CDC}.AppStore|x86.ActiveCfg = Release|x86
		{4D6CCD6E-8125-4A89-88FA-361CEF039CDC}.AppStore|x86.Build.0 = Release|x86
		{4D6CCD6E-8125-4A89-88FA-361CEF039CDC}.AppStore|x86.Deploy.0 = Release|x86
		{4D6CCD6E-8125-4A89-88FA-361CEF039CDC}.Debug|Any CPU.ActiveCfg = Debug|x86
		{4D6CCD6E-8125-4A89-88FA-361CEF039CDC}.Debug|Any CPU.Build.0 = Debug|x86
		{4D6CCD6E-8125-4A89-88FA-361CEF039CDC}.Debug|Any CPU.Deploy.0 = Debug|x86
		{4D6CCD6E-8125-4A89-88FA-361CEF039CDC}.Debug|ARM.ActiveCfg = Debug|ARM
		{4D6CCD6E-8125-4A89-88FA-361CEF039CDC}.Debug|ARM.Build.0 = Debug|ARM
		{4D6CCD6E-8125-4A89-88FA-361CEF039CDC}.Debug|ARM.Deploy.0 = Debug|ARM
		{4D6CCD6E-8125-4A89-88FA-361CEF039CDC}.Debug|iPhone.ActiveCfg = Debug|x86
		{4D6CCD6E-8125-4A89-88FA-361CEF039CDC}.Debug|iPhone.Build.0 = Debug|x86
		{4D6CCD6E-8125-4A89-88FA-361CEF039CDC}.Debug|iPhone.Deploy.0 = Debug|x86
		{4D6CCD6E-8125-4A89-88FA-361CEF039CDC}.Debug|iPhoneSimulator.ActiveCfg = Debug|x86
		{4D6CCD6E-8125-4A89-88FA-361CEF039CDC}.Debug|iPhoneSimulator.Build.0 = Debug|x86
		{4D6CCD6E-8125-4A89-88FA-361CEF039CDC}.Debug|iPhoneSimulator.Deploy.0 = Debug|x86
		{4D6CCD6E-8125-4A89-88FA-361CEF039CDC}.Debug|x64.ActiveCfg = Debug|x64
		{4D6CCD6E-8125-4A89-88FA-361CEF039CDC}.Debug|x64.Build.0 = Debug|x64
		{4D6CCD6E-8125-4A89-88FA-361CEF039CDC}.Debug|x64.Deploy.0 = Debug|x64
		{4D6CCD6E-8125-4A89-88FA-361CEF039CDC}.Debug|x86.ActiveCfg = Debug|x86
		{4D6CCD6E-8125-4A89-88FA-361CEF039CDC}.Debug|x86.Build.0 = Debug|x86
		{4D6CCD6E-8125-4A89-88FA-361CEF039CDC}.Debug|x86.Deploy.0 = Debug|x86
		{4D6CCD6E-8125-4A89-88FA-361CEF039CDC}.Release|Any CPU.ActiveCfg = Release|x86
		{4D6CCD6E-8125-4A89-88FA-361CEF039CDC}.Release|Any CPU.Build.0 = Release|x86
		{4D6CCD6E-8125-4A89-88FA-361CEF039CDC}.Release|Any CPU.Deploy.0 = Release|x86
		{4D6CCD6E-8125-4A89-88FA-361CEF039CDC}.Release|ARM.ActiveCfg = Release|ARM
		{4D6CCD6E-8125-4A89-88FA-361CEF039CDC}.Release|ARM.Build.0 = Release|ARM
		{4D6CCD6E-8125-4A89-88FA-361CEF039CDC}.Release|ARM.Deploy.0 = Release|ARM
		{4D6CCD6E-8125-4A89-88FA-361CEF039CDC}.Release|iPhone.ActiveCfg = Release|x86
		{4D6CCD6E-8125-4A89-88FA-361CEF039CDC}.Release|iPhone.Build.0 = Release|x86
		{4D6CCD6E-8125-4A89-88FA-361CEF039CDC}.Release|iPhone.Deploy.0 = Release|x86
		{4D6CCD6E-8125-4A89-88FA-361CEF039CDC}.Release|iPhoneSimulator.ActiveCfg = Release|x86
		{4D6CCD6E-8125-4A89-88FA-361CEF039CDC}.Release|iPhoneSimulator.Build.0 = Release|x86
		{4D6CCD6E-8125-4A89-88FA-361CEF039CDC}.Release|iPhoneSimulator.Deploy.0 = Release|x86
		{4D6CCD6E-8125-4A89-88FA-361CEF039CDC}.Release|x64.ActiveCfg = Release|x64
		{4D6CCD6E-8125-4A89-88FA-361CEF039CDC}.Release|x64.Build.0 = Release|x64
		{4D6CCD6E-8125-4A89-88FA-361CEF039CDC}.Release|x64.Deploy.0 = Release|x64
		{4D6CCD6E-8125-4A89-88FA-361CEF039CDC}.Release|x86.ActiveCfg = Release|x86
		{4D6CCD6E-8125-4A89-88FA-361CEF039CDC}.Release|x86.Build.0 = Release|x86
		{4D6CCD6E-8125-4A89-88FA-361CEF039CDC}.Release|x86.Deploy.0 = Release|x86
		{68E68F81-A764-46BA-930C-1A79E593E7A5}.Ad-Hoc|Any CPU.ActiveCfg = Debug|Any CPU
		{68E68F81-A764-46BA-930C-1A79E593E7A5}.Ad-Hoc|Any CPU.Build.0 = Debug|Any CPU
		{68E68F81-A764-46BA-930C-1A79E593E7A5}.Ad-Hoc|Any CPU.Deploy.0 = Debug|Any CPU
		{68E68F81-A764-46BA-930C-1A79E593E7A5}.Ad-Hoc|ARM.ActiveCfg = Debug|Any CPU
		{68E68F81-A764-46BA-930C-1A79E593E7A5}.Ad-Hoc|ARM.Build.0 = Debug|Any CPU
		{68E68F81-A764-46BA-930C-1A79E593E7A5}.Ad-Hoc|ARM.Deploy.0 = Debug|Any CPU
		{68E68F81-A764-46BA-930C-1A79E593E7A5}.Ad-Hoc|iPhone.ActiveCfg = Debug|Any CPU
		{68E68F81-A764-46BA-930C-1A79E593E7A5}.Ad-Hoc|iPhone.Build.0 = Debug|Any CPU
		{68E68F81-A764-46BA-930C-1A79E593E7A5}.Ad-Hoc|iPhone.Deploy.0 = Debug|Any CPU
		{68E68F81-A764-46BA-930C-1A79E593E7A5}.Ad-Hoc|iPhoneSimulator.ActiveCfg = Debug|Any CPU
		{68E68F81-A764-46BA-930C-1A79E593E7A5}.Ad-Hoc|iPhoneSimulator.Build.0 = Debug|Any CPU
		{68E68F81-A764-46BA-930C-1A79E593E7A5}.Ad-Hoc|iPhoneSimulator.Deploy.0 = Debug|Any CPU
		{68E68F81-A764-46BA-930C-1A79E593E7A5}.Ad-Hoc|x64.ActiveCfg = Debug|Any CPU
		{68E68F81-A764-46BA-930C-1A79E593E7A5}.Ad-Hoc|x64.Build.0 = Debug|Any CPU
		{68E68F81-A764-46BA-930C-1A79E593E7A5}.Ad-Hoc|x64.Deploy.0 = Debug|Any CPU
		{68E68F81-A764-46BA-930C-1A79E593E7A5}.Ad-Hoc|x86.ActiveCfg = Debug|Any CPU
		{68E68F81-A764-46BA-930C-1A79E593E7A5}.Ad-Hoc|x86.Build.0 = Debug|Any CPU
		{68E68F81-A764-46BA-930C-1A79E593E7A5}.Ad-Hoc|x86.Deploy.0 = Debug|Any CPU
		{68E68F81-A764-46BA-930C-1A79E593E7A5}.AppStore|Any CPU.ActiveCfg = Debug|Any CPU
		{68E68F81-A764-46BA-930C-1A79E593E7A5}.AppStore|Any CPU.Build.0 = Debug|Any CPU
		{68E68F81-A764-46BA-930C-1A79E593E7A5}.AppStore|Any CPU.Deploy.0 = Debug|Any CPU
		{68E68F81-A764-46BA-930C-1A79E593E7A5}.AppStore|ARM.ActiveCfg = Debug|Any CPU
		{68E68F81-A764-46BA-930C-1A79E593E7A5}.AppStore|ARM.Build.0 = Debug|Any CPU
		{68E68F81-A764-46BA-930C-1A79E593E7A5}.AppStore|ARM.Deploy.0 = Debug|Any CPU
		{68E68F81-A764-46BA-930C-1A79E593E7A5}.AppStore|iPhone.ActiveCfg = Debug|Any CPU
		{68E68F81-A764-46BA-930C-1A79E593E7A5}.AppStore|iPhone.Build.0 = Debug|Any CPU
		{68E68F81-A764-46BA-930C-1A79E593E7A5}.AppStore|iPhone.Deploy.0 = Debug|Any CPU
		{68E68F81-A764-46BA-930C-1A79E593E7A5}.AppStore|iPhoneSimulator.ActiveCfg = Debug|Any CPU
		{68E68F81-A764-46BA-930C-1A79E593E7A5}.AppStore|iPhoneSimulator.Build.0 = Debug|Any CPU
		{68E68F81-A764-46BA-930C-1A79E593E7A5}.AppStore|iPhoneSimulator.Deploy.0 = Debug|Any CPU
		{68E68F81-A764-46BA-930C-1A79E593E7A5}.AppStore|x64.ActiveCfg = Debug|Any CPU
		{68E68F81-A764-46BA-930C-1A79E593E7A5}.AppStore|x64.Build.0 = Debug|Any CPU
		{68E68F81-A764-46BA-930C-1A79E593E7A5}.AppStore|x64.Deploy.0 = Debug|Any CPU
		{68E68F81-A764-46BA-930C-1A79E593E7A5}.AppStore|x86.ActiveCfg = Debug|Any CPU
		{68E68F81-A764-46BA-930C-1A79E593E7A5}.AppStore|x86.Build.0 = Debug|Any CPU
		{68E68F81-A764-46BA-930C-1A79E593E7A5}.AppStore|x86.Deploy.0 = Debug|Any CPU
		{68E68F81-A764-46BA-930C-1A79E593E7A5}.Debug|Any CPU.ActiveCfg = Debug|Any CPU
		{68E68F81-A764-46BA-930C-1A79E593E7A5}.Debug|Any CPU.Build.0 = Debug|Any CPU
		{68E68F81-A764-46BA-930C-1A79E593E7A5}.Debug|Any CPU.Deploy.0 = Debug|Any CPU
		{68E68F81-A764-46BA-930C-1A79E593E7A5}.Debug|ARM.ActiveCfg = Debug|Any CPU
		{68E68F81-A764-46BA-930C-1A79E593E7A5}.Debug|ARM.Build.0 = Debug|Any CPU
		{68E68F81-A764-46BA-930C-1A79E593E7A5}.Debug|ARM.Deploy.0 = Debug|Any CPU
		{68E68F81-A764-46BA-930C-1A79E593E7A5}.Debug|iPhone.ActiveCfg = Debug|Any CPU
		{68E68F81-A764-46BA-930C-1A79E593E7A5}.Debug|iPhone.Build.0 = Debug|Any CPU
		{68E68F81-A764-46BA-930C-1A79E593E7A5}.Debug|iPhone.Deploy.0 = Debug|Any CPU
		{68E68F81-A764-46BA-930C-1A79E593E7A5}.Debug|iPhoneSimulator.ActiveCfg = Debug|Any CPU
		{68E68F81-A764-46BA-930C-1A79E593E7A5}.Debug|iPhoneSimulator.Build.0 = Debug|Any CPU
		{68E68F81-A764-46BA-930C-1A79E593E7A5}.Debug|iPhoneSimulator.Deploy.0 = Debug|Any CPU
		{68E68F81-A764-46BA-930C-1A79E593E7A5}.Debug|x64.ActiveCfg = Debug|Any CPU
		{68E68F81-A764-46BA-930C-1A79E593E7A5}.Debug|x64.Build.0 = Debug|Any CPU
		{68E68F81-A764-46BA-930C-1A79E593E7A5}.Debug|x64.Deploy.0 = Debug|Any CPU
		{68E68F81-A764-46BA-930C-1A79E593E7A5}.Debug|x86.ActiveCfg = Debug|Any CPU
		{68E68F81-A764-46BA-930C-1A79E593E7A5}.Debug|x86.Build.0 = Debug|Any CPU
		{68E68F81-A764-46BA-930C-1A79E593E7A5}.Debug|x86.Deploy.0 = Debug|Any CPU
		{68E68F81-A764-46BA-930C-1A79E593E7A5}.Release|Any CPU.ActiveCfg = Release|Any CPU
		{68E68F81-A764-46BA-930C-1A79E593E7A5}.Release|Any CPU.Build.0 = Release|Any CPU
		{68E68F81-A764-46BA-930C-1A79E593E7A5}.Release|Any CPU.Deploy.0 = Release|Any CPU
		{68E68F81-A764-46BA-930C-1A79E593E7A5}.Release|ARM.ActiveCfg = Release|Any CPU
		{68E68F81-A764-46BA-930C-1A79E593E7A5}.Release|ARM.Build.0 = Release|Any CPU
		{68E68F81-A764-46BA-930C-1A79E593E7A5}.Release|ARM.Deploy.0 = Release|Any CPU
		{68E68F81-A764-46BA-930C-1A79E593E7A5}.Release|iPhone.ActiveCfg = Release|Any CPU
		{68E68F81-A764-46BA-930C-1A79E593E7A5}.Release|iPhone.Build.0 = Release|Any CPU
		{68E68F81-A764-46BA-930C-1A79E593E7A5}.Release|iPhone.Deploy.0 = Release|Any CPU
		{68E68F81-A764-46BA-930C-1A79E593E7A5}.Release|iPhoneSimulator.ActiveCfg = Release|Any CPU
		{68E68F81-A764-46BA-930C-1A79E593E7A5}.Release|iPhoneSimulator.Build.0 = Release|Any CPU
		{68E68F81-A764-46BA-930C-1A79E593E7A5}.Release|iPhoneSimulator.Deploy.0 = Release|Any CPU
		{68E68F81-A764-46BA-930C-1A79E593E7A5}.Release|x64.ActiveCfg = Release|Any CPU
		{68E68F81-A764-46BA-930C-1A79E593E7A5}.Release|x64.Build.0 = Release|Any CPU
		{68E68F81-A764-46BA-930C-1A79E593E7A5}.Release|x64.Deploy.0 = Release|Any CPU
		{68E68F81-A764-46BA-930C-1A79E593E7A5}.Release|x86.ActiveCfg = Release|Any CPU
		{68E68F81-A764-46BA-930C-1A79E593E7A5}.Release|x86.Build.0 = Release|Any CPU
		{68E68F81-A764-46BA-930C-1A79E593E7A5}.Release|x86.Deploy.0 = Release|Any CPU
	EndGlobalSection
	GlobalSection(SolutionProperties) = preSolution
		HideSolutionNode = FALSE
	EndGlobalSection
	GlobalSection(ExtensibilityGlobals) = postSolution
		SolutionGuid = {126B3925-F1FF-4A0D-AF63-482CC751FD2F}
	EndGlobalSection
EndGlobal
